
Microsoft Visual Studio Solution File, Format Version 12.00
# Visual Studio Version 17
VisualStudioVersion = 17.9.34723.18
MinimumVisualStudioVersion = 10.0.40219.1
Project("{FAE04EC0-301F-11D3-BF4B-00C04F79EFBC}") = "GestorDeEstudantesT6", "GestorDeEstudantesT6.csproj", "{26E15052-3466-4669-ADA2-65CF936E382A}"
EndProject
Global
	GlobalSection(SolutionConfigurationPlatforms) = preSolution
		Debug|Any CPU = Debug|Any CPU
		Release|Any CPU = Release|Any CPU
	EndGlobalSection
	GlobalSection(ProjectConfigurationPlatforms) = postSolution
		{26E15052-3466-4669-ADA2-65CF936E382A}.Debug|Any CPU.ActiveCfg = Debug|Any CPU
		{26E15052-3466-4669-ADA2-65CF936E382A}.Debug|Any CPU.Build.0 = Debug|Any CPU
		{26E15052-3466-4669-ADA2-65CF936E382A}.Release|Any CPU.ActiveCfg = Release|Any CPU
		{26E15052-3466-4669-ADA2-65CF936E382A}.Release|Any CPU.Build.0 = Release|Any CPU
	EndGlobalSection
	GlobalSection(SolutionProperties) = preSolution
		HideSolutionNode = FALSE
	EndGlobalSection
	GlobalSection(ExtensibilityGlobals) = postSolution
		SolutionGuid = {6D15C687-3927-4C1F-8DCE-129A24DE112B}
	EndGlobalSection
EndGlobal
